// !$*UTF8*$!
{
	archiveVersion = 1;
	classes = {
	};
	objectVersion = 46;
	objects = {

/* Begin PBXBuildFile section */
		973C9119183658AA0082005A /* Foundation.framework in Frameworks */ = {isa = PBXBuildFile; fileRef = 973C9118183658AA0082005A /* Foundation.framework */; };
		973C911B183658AA0082005A /* CoreGraphics.framework in Frameworks */ = {isa = PBXBuildFile; fileRef = 973C911A183658AA0082005A /* CoreGraphics.framework */; };
		973C911D183658AA0082005A /* UIKit.framework in Frameworks */ = {isa = PBXBuildFile; fileRef = 973C911C183658AA0082005A /* UIKit.framework */; };
		973C9123183658AA0082005A /* InfoPlist.strings in Resources */ = {isa = PBXBuildFile; fileRef = 973C9121183658AA0082005A /* InfoPlist.strings */; };
		973C9125183658AA0082005A /* main.m in Sources */ = {isa = PBXBuildFile; fileRef = 973C9124183658AA0082005A /* main.m */; };
		973C9129183658AA0082005A /* AppDelegate.m in Sources */ = {isa = PBXBuildFile; fileRef = 973C9128183658AA0082005A /* AppDelegate.m */; };
		973C912C183658AA0082005A /* Main.storyboard in Resources */ = {isa = PBXBuildFile; fileRef = 973C912A183658AA0082005A /* Main.storyboard */; };
		973C912F183658AA0082005A /* ViewController.m in Sources */ = {isa = PBXBuildFile; fileRef = 973C912E183658AA0082005A /* ViewController.m */; };
		973C9131183658AA0082005A /* Images.xcassets in Resources */ = {isa = PBXBuildFile; fileRef = 973C9130183658AA0082005A /* Images.xcassets */; };
		973C9138183658AA0082005A /* XCTest.framework in Frameworks */ = {isa = PBXBuildFile; fileRef = 973C9137183658AA0082005A /* XCTest.framework */; };
		973C9139183658AA0082005A /* Foundation.framework in Frameworks */ = {isa = PBXBuildFile; fileRef = 973C9118183658AA0082005A /* Foundation.framework */; };
		973C913A183658AA0082005A /* UIKit.framework in Frameworks */ = {isa = PBXBuildFile; fileRef = 973C911C183658AA0082005A /* UIKit.framework */; };
		973C9142183658AA0082005A /* InfoPlist.strings in Resources */ = {isa = PBXBuildFile; fileRef = 973C9140183658AA0082005A /* InfoPlist.strings */; };
		973C9144183658AA0082005A /* floodit03Tests.m in Sources */ = {isa = PBXBuildFile; fileRef = 973C9143183658AA0082005A /* floodit03Tests.m */; };
/* End PBXBuildFile section */

/* Begin PBXContainerItemProxy section */
		973C913B183658AA0082005A /* PBXContainerItemProxy */ = {
			isa = PBXContainerItemProxy;
			containerPortal = 973C910D183658AA0082005A /* Project object */;
			proxyType = 1;
			remoteGlobalIDString = 973C9114183658AA0082005A;
			remoteInfo = floodit03;
		};
/* End PBXContainerItemProxy section */

/* Begin PBXFileReference section */
		973C9115183658AA0082005A /* floodit03.app */ = {isa = PBXFileReference; explicitFileType = wrapper.application; includeInIndex = 0; path = floodit03.app; sourceTree = BUILT_PRODUCTS_DIR; };
		973C9118183658AA0082005A /* Foundation.framework */ = {isa = PBXFileReference; lastKnownFileType = wrapper.framework; name = Foundation.framework; path = System/Library/Frameworks/Foundation.framework; sourceTree = SDKROOT; };
		973C911A183658AA0082005A /* CoreGraphics.framework */ = {isa = PBXFileReference; lastKnownFileType = wrapper.framework; name = CoreGraphics.framework; path = System/Library/Frameworks/CoreGraphics.framework; sourceTree = SDKROOT; };
		973C911C183658AA0082005A /* UIKit.framework */ = {isa = PBXFileReference; lastKnownFileType = wrapper.framework; name = UIKit.framework; path = System/Library/Frameworks/UIKit.framework; sourceTree = SDKROOT; };
		973C9120183658AA0082005A /* floodit03-Info.plist */ = {isa = PBXFileReference; lastKnownFileType = text.plist.xml; path = "floodit03-Info.plist"; sourceTree = "<group>"; };
		973C9122183658AA0082005A /* en */ = {isa = PBXFileReference; lastKnownFileType = text.plist.strings; name = en; path = en.lproj/InfoPlist.strings; sourceTree = "<group>"; };
		973C9124183658AA0082005A /* main.m */ = {isa = PBXFileReference; lastKnownFileType = sourcecode.c.objc; path = main.m; sourceTree = "<group>"; };
		973C9126183658AA0082005A /* floodit03-Prefix.pch */ = {isa = PBXFileReference; lastKnownFileType = sourcecode.c.h; path = "floodit03-Prefix.pch"; sourceTree = "<group>"; };
		973C9127183658AA0082005A /* AppDelegate.h */ = {isa = PBXFileReference; lastKnownFileType = sourcecode.c.h; path = AppDelegate.h; sourceTree = "<group>"; };
		973C9128183658AA0082005A /* AppDelegate.m */ = {isa = PBXFileReference; lastKnownFileType = sourcecode.c.objc; path = AppDelegate.m; sourceTree = "<group>"; };
		973C912B183658AA0082005A /* Base */ = {isa = PBXFileReference; lastKnownFileType = file.storyboard; name = Base; path = Base.lproj/Main.storyboard; sourceTree = "<group>"; };
		973C912D183658AA0082005A /* ViewController.h */ = {isa = PBXFileReference; lastKnownFileType = sourcecode.c.h; path = ViewController.h; sourceTree = "<group>"; };
		973C912E183658AA0082005A /* ViewController.m */ = {isa = PBXFileReference; lastKnownFileType = sourcecode.c.objc; path = ViewController.m; sourceTree = "<group>"; };
		973C9130183658AA0082005A /* Images.xcassets */ = {isa = PBXFileReference; lastKnownFileType = folder.assetcatalog; path = Images.xcassets; sourceTree = "<group>"; };
		973C9136183658AA0082005A /* floodit03Tests.xctest */ = {isa = PBXFileReference; explicitFileType = wrapper.cfbundle; includeInIndex = 0; path = floodit03Tests.xctest; sourceTree = BUILT_PRODUCTS_DIR; };
		973C9137183658AA0082005A /* XCTest.framework */ = {isa = PBXFileReference; lastKnownFileType = wrapper.framework; name = XCTest.framework; path = Library/Frameworks/XCTest.framework; sourceTree = DEVELOPER_DIR; };
		973C913F183658AA0082005A /* floodit03Tests-Info.plist */ = {isa = PBXFileReference; lastKnownFileType = text.plist.xml; path = "floodit03Tests-Info.plist"; sourceTree = "<group>"; };
		973C9141183658AA0082005A /* en */ = {isa = PBXFileReference; lastKnownFileType = text.plist.strings; name = en; path = en.lproj/InfoPlist.strings; sourceTree = "<group>"; };
		973C9143183658AA0082005A /* floodit03Tests.m */ = {isa = PBXFileReference; lastKnownFileType = sourcecode.c.objc; path = floodit03Tests.m; sourceTree = "<group>"; };
/* End PBXFileReference section */

/* Begin PBXFrameworksBuildPhase section */
		973C9112183658AA0082005A /* Frameworks */ = {
			isa = PBXFrameworksBuildPhase;
			buildActionMask = 2147483647;
			files = (
				973C911B183658AA0082005A /* CoreGraphics.framework in Frameworks */,
				973C911D183658AA0082005A /* UIKit.framework in Frameworks */,
				973C9119183658AA0082005A /* Foundation.framework in Frameworks */,
			);
			runOnlyForDeploymentPostprocessing = 0;
		};
		973C9133183658AA0082005A /* Frameworks */ = {
			isa = PBXFrameworksBuildPhase;
			buildActionMask = 2147483647;
			files = (
				973C9138183658AA0082005A /* XCTest.framework in Frameworks */,
				973C913A183658AA0082005A /* UIKit.framework in Frameworks */,
				973C9139183658AA0082005A /* Foundation.framework in Frameworks */,
			);
			runOnlyForDeploymentPostprocessing = 0;
		};
/* End PBXFrameworksBuildPhase section */

/* Begin PBXGroup section */
		973C910C183658AA0082005A = {
			isa = PBXGroup;
			children = (
				973C911E183658AA0082005A /* floodit03 */,
				973C913D183658AA0082005A /* floodit03Tests */,
				973C9117183658AA0082005A /* Frameworks */,
				973C9116183658AA0082005A /* Products */,
			);
			sourceTree = "<group>";
		};
		973C9116183658AA0082005A /* Products */ = {
			isa = PBXGroup;
			children = (
				973C9115183658AA0082005A /* floodit03.app */,
				973C9136183658AA0082005A /* floodit03Tests.xctest */,
			);
			name = Products;
			sourceTree = "<group>";
		};
		973C9117183658AA0082005A /* Frameworks */ = {
			isa = PBXGroup;
			children = (
				973C9118183658AA0082005A /* Foundation.framework */,
				973C911A183658AA0082005A /* CoreGraphics.framework */,
				973C911C183658AA0082005A /* UIKit.framework */,
				973C9137183658AA0082005A /* XCTest.framework */,
			);
			name = Frameworks;
			sourceTree = "<group>";
		};
		973C911E183658AA0082005A /* floodit03 */ = {
			isa = PBXGroup;
			children = (
				973C9127183658AA0082005A /* AppDelegate.h */,
				973C9128183658AA0082005A /* AppDelegate.m */,
				973C912A183658AA0082005A /* Main.storyboard */,
				973C912D183658AA0082005A /* ViewController.h */,
				973C912E183658AA0082005A /* ViewController.m */,
				973C9130183658AA0082005A /* Images.xcassets */,
				973C911F183658AA0082005A /* Supporting Files */,
			);
			path = floodit03;
			sourceTree = "<group>";
		};
		973C911F183658AA0082005A /* Supporting Files */ = {
			isa = PBXGroup;
			children = (
				973C9120183658AA0082005A /* floodit03-Info.plist */,
				973C9121183658AA0082005A /* InfoPlist.strings */,
				973C9124183658AA0082005A /* main.m */,
				973C9126183658AA0082005A /* floodit03-Prefix.pch */,
			);
			name = "Supporting Files";
			sourceTree = "<group>";
		};
		973C913D183658AA0082005A /* floodit03Tests */ = {
			isa = PBXGroup;
			children = (
				973C9143183658AA0082005A /* floodit03Tests.m */,
				973C913E183658AA0082005A /* Supporting Files */,
			);
			path = floodit03Tests;
			sourceTree = "<group>";
		};
		973C913E183658AA0082005A /* Supporting Files */ = {
			isa = PBXGroup;
			children = (
				973C913F183658AA0082005A /* floodit03Tests-Info.plist */,
				973C9140183658AA0082005A /* InfoPlist.strings */,
			);
			name = "Supporting Files";
			sourceTree = "<group>";
		};
/* End PBXGroup section */

/* Begin PBXNativeTarget section */
		973C9114183658AA0082005A /* floodit03 */ = {
			isa = PBXNativeTarget;
			buildConfigurationList = 973C9147183658AA0082005A /* Build configuration list for PBXNativeTarget "floodit03" */;
			buildPhases = (
				973C9111183658AA0082005A /* Sources */,
				973C9112183658AA0082005A /* Frameworks */,
				973C9113183658AA0082005A /* Resources */,
			);
			buildRules = (
			);
			dependencies = (
			);
			name = floodit03;
			productName = floodit03;
			productReference = 973C9115183658AA0082005A /* floodit03.app */;
			productType = "com.apple.product-type.application";
		};
		973C9135183658AA0082005A /* floodit03Tests */ = {
			isa = PBXNativeTarget;
			buildConfigurationList = 973C914A183658AA0082005A /* Build configuration list for PBXNativeTarget "floodit03Tests" */;
			buildPhases = (
				973C9132183658AA0082005A /* Sources */,
				973C9133183658AA0082005A /* Frameworks */,
				973C9134183658AA0082005A /* Resources */,
			);
			buildRules = (
			);
			dependencies = (
				973C913C183658AA0082005A /* PBXTargetDependency */,
			);
			name = floodit03Tests;
			productName = floodit03Tests;
			productReference = 973C9136183658AA0082005A /* floodit03Tests.xctest */;
			productType = "com.apple.product-type.bundle.unit-test";
		};
/* End PBXNativeTarget section */

/* Begin PBXProject section */
		973C910D183658AA0082005A /* Project object */ = {
			isa = PBXProject;
			attributes = {
				LastUpgradeCheck = 0500;
				ORGANIZATIONNAME = ToshiyA;
				TargetAttributes = {
					973C9135183658AA0082005A = {
						TestTargetID = 973C9114183658AA0082005A;
					};
				};
			};
			buildConfigurationList = 973C9110183658AA0082005A /* Build configuration list for PBXProject "floodit03" */;
			compatibilityVersion = "Xcode 3.2";
			developmentRegion = English;
			hasScannedForEncodings = 0;
			knownRegions = (
				en,
				Base,
			);
			mainGroup = 973C910C183658AA0082005A;
			productRefGroup = 973C9116183658AA0082005A /* Products */;
			projectDirPath = "";
			projectRoot = "";
			targets = (
				973C9114183658AA0082005A /* floodit03 */,
				973C9135183658AA0082005A /* floodit03Tests */,
			);
		};
/* End PBXProject section */

/* Begin PBXResourcesBuildPhase section */
		973C9113183658AA0082005A /* Resources */ = {
			isa = PBXResourcesBuildPhase;
			buildActionMask = 2147483647;
			files = (
				973C9131183658AA0082005A /* Images.xcassets in Resources */,
				973C9123183658AA0082005A /* InfoPlist.strings in Resources */,
				973C912C183658AA0082005A /* Main.storyboard in Resources */,
			);
			runOnlyForDeploymentPostprocessing = 0;
		};
		973C9134183658AA0082005A /* Resources */ = {
			isa = PBXResourcesBuildPhase;
			buildActionMask = 2147483647;
			files = (
				973C9142183658AA0082005A /* InfoPlist.strings in Resources */,
			);
			runOnlyForDeploymentPostprocessing = 0;
		};
/* End PBXResourcesBuildPhase section */

/* Begin PBXSourcesBuildPhase section */
		973C9111183658AA0082005A /* Sources */ = {
			isa = PBXSourcesBuildPhase;
			buildActionMask = 2147483647;
			files = (
				973C912F183658AA0082005A /* ViewController.m in Sources */,
				973C9129183658AA0082005A /* AppDelegate.m in Sources */,
				973C9125183658AA0082005A /* main.m in Sources */,
			);
			runOnlyForDeploymentPostprocessing = 0;
		};
		973C9132183658AA0082005A /* Sources */ = {
			isa = PBXSourcesBuildPhase;
			buildActionMask = 2147483647;
			files = (
				973C9144183658AA0082005A /* floodit03Tests.m in Sources */,
			);
			runOnlyForDeploymentPostprocessing = 0;
		};
/* End PBXSourcesBuildPhase section */

/* Begin PBXTargetDependency section */
		973C913C183658AA0082005A /* PBXTargetDependency */ = {
			isa = PBXTargetDependency;
			target = 973C9114183658AA0082005A /* floodit03 */;
			targetProxy = 973C913B183658AA0082005A /* PBXContainerItemProxy */;
		};
/* End PBXTargetDependency section */

/* Begin PBXVariantGroup section */
		973C9121183658AA0082005A /* InfoPlist.strings */ = {
			isa = PBXVariantGroup;
			children = (
				973C9122183658AA0082005A /* en */,
			);
			name = InfoPlist.strings;
			sourceTree = "<group>";
		};
		973C912A183658AA0082005A /* Main.storyboard */ = {
			isa = PBXVariantGroup;
			children = (
				973C912B183658AA0082005A /* Base */,
			);
			name = Main.storyboard;
			sourceTree = "<group>";
		};
		973C9140183658AA0082005A /* InfoPlist.strings */ = {
			isa = PBXVariantGroup;
			children = (
				973C9141183658AA0082005A /* en */,
			);
			name = InfoPlist.strings;
			sourceTree = "<group>";
		};
/* End PBXVariantGroup section */

/* Begin XCBuildConfiguration section */
		973C9145183658AA0082005A /* Debug */ = {
			isa = XCBuildConfiguration;
			buildSettings = {
				ALWAYS_SEARCH_USER_PATHS = NO;
				ARCHS = "$(ARCHS_STANDARD_INCLUDING_64_BIT)";
				CLANG_CXX_LANGUAGE_STANDARD = "gnu++0x";
				CLANG_CXX_LIBRARY = "libc++";
				CLANG_ENABLE_MODULES = YES;
				CLANG_ENABLE_OBJC_ARC = YES;
				CLANG_WARN_BOOL_CONVERSION = YES;
				CLANG_WARN_CONSTANT_CONVERSION = YES;
				CLANG_WARN_DIRECT_OBJC_ISA_USAGE = YES_ERROR;
				CLANG_WARN_EMPTY_BODY = YES;
				CLANG_WARN_ENUM_CONVERSION = YES;
				CLANG_WARN_INT_CONVERSION = YES;
				CLANG_WARN_OBJC_ROOT_CLASS = YES_ERROR;
				CLANG_WARN__DUPLICATE_METHOD_MATCH = YES;
				"CODE_SIGN_IDENTITY[sdk=iphoneos*]" = "iPhone Developer";
				COPY_PHASE_STRIP = NO;
				GCC_C_LANGUAGE_STANDARD = gnu99;
				GCC_DYNAMIC_NO_PIC = NO;
				GCC_OPTIMIZATION_LEVEL = 0;
				GCC_PREPROCESSOR_DEFINITIONS = (
					"DEBUG=1",
					"$(inherited)",
				);
				GCC_SYMBOLS_PRIVATE_EXTERN = NO;
				GCC_WARN_64_TO_32_BIT_CONVERSION = YES;
				GCC_WARN_ABOUT_RETURN_TYPE = YES_ERROR;
				GCC_WARN_UNDECLARED_SELECTOR = YES;
				GCC_WARN_UNINITIALIZED_AUTOS = YES;
				GCC_WARN_UNUSED_FUNCTION = YES;
				GCC_WARN_UNUSED_VARIABLE = YES;
				IPHONEOS_DEPLOYMENT_TARGET = 7.0;
				ONLY_ACTIVE_ARCH = YES;
				SDKROOT = iphoneos;
			};
			name = Debug;
		};
		973C9146183658AA0082005A /* Release */ = {
			isa = XCBuildConfiguration;
			buildSettings = {
				ALWAYS_SEARCH_USER_PATHS = NO;
				ARCHS = "$(ARCHS_STANDARD_INCLUDING_64_BIT)";
				CLANG_CXX_LANGUAGE_STANDARD = "gnu++0x";
				CLANG_CXX_LIBRARY = "libc++";
				CLANG_ENABLE_MODULES = YES;
				CLANG_ENABLE_OBJC_ARC = YES;
				CLANG_WARN_BOOL_CONVERSION = YES;
				CLANG_WARN_CONSTANT_CONVERSION = YES;
				CLANG_WARN_DIRECT_OBJC_ISA_USAGE = YES_ERROR;
				CLANG_WARN_EMPTY_BODY = YES;
				CLANG_WARN_ENUM_CONVERSION = YES;
				CLANG_WARN_INT_CONVERSION = YES;
				CLANG_WARN_OBJC_ROOT_CLASS = YES_ERROR;
				CLANG_WARN__DUPLICATE_METHOD_MATCH = YES;
				"CODE_SIGN_IDENTITY[sdk=iphoneos*]" = "iPhone Developer";
				COPY_PHASE_STRIP = YES;
				ENABLE_NS_ASSERTIONS = NO;
				GCC_C_LANGUAGE_STANDARD = gnu99;
				GCC_WARN_64_TO_32_BIT_CONVERSION = YES;
				GCC_WARN_ABOUT_RETURN_TYPE = YES_ERROR;
				GCC_WARN_UNDECLARED_SELECTOR = YES;
				GCC_WARN_UNINITIALIZED_AUTOS = YES;
				GCC_WARN_UNUSED_FUNCTION = YES;
				GCC_WARN_UNUSED_VARIABLE = YES;
				IPHONEOS_DEPLOYMENT_TARGET = 7.0;
				SDKROOT = iphoneos;
				VALIDATE_PRODUCT = YES;
			};
			name = Release;
		};
		973C9148183658AA0082005A /* Debug */ = {
			isa = XCBuildConfiguration;
			buildSettings = {
				ASSETCATALOG_COMPILER_APPICON_NAME = AppIcon;
				ASSETCATALOG_COMPILER_LAUNCHIMAGE_NAME = LaunchImage;
				GCC_PRECOMPILE_PREFIX_HEADER = YES;
				GCC_PREFIX_HEADER = "floodit03/floodit03-Prefix.pch";
				INFOPLIST_FILE = "floodit03/floodit03-Info.plist";
				PRODUCT_NAME = "$(TARGET_NAME)";
				WRAPPER_EXTENSION = app;
			};
			name = Debug;
		};
		973C9149183658AA0082005A /* Release */ = {
			isa = XCBuildConfiguration;
			buildSettings = {
				ASSETCATALOG_COMPILER_APPICON_NAME = AppIcon;
				ASSETCATALOG_COMPILER_LAUNCHIMAGE_NAME = LaunchImage;
				GCC_PRECOMPILE_PREFIX_HEADER = YES;
				GCC_PREFIX_HEADER = "floodit03/floodit03-Prefix.pch";
				INFOPLIST_FILE = "floodit03/floodit03-Info.plist";
				PRODUCT_NAME = "$(TARGET_NAME)";
				WRAPPER_EXTENSION = app;
			};
			name = Release;
		};
		973C914B183658AA0082005A /* Debug */ = {
			isa = XCBuildConfiguration;
			buildSettings = {
				ARCHS = "$(ARCHS_STANDARD_INCLUDING_64_BIT)";
				BUNDLE_LOADER = "$(BUILT_PRODUCTS_DIR)/floodit03.app/floodit03";
				FRAMEWORK_SEARCH_PATHS = (
					"$(SDKROOT)/Developer/Library/Frameworks",
					"$(inherited)",
					"$(DEVELOPER_FRAMEWORKS_DIR)",
				);
				GCC_PRECOMPILE_PREFIX_HEADER = YES;
				GCC_PREFIX_HEADER = "floodit03/floodit03-Prefix.pch";
				GCC_PREPROCESSOR_DEFINITIONS = (
					"DEBUG=1",
					"$(inherited)",
				);
				INFOPLIST_FILE = "floodit03Tests/floodit03Tests-Info.plist";
				PRODUCT_NAME = "$(TARGET_NAME)";
				TEST_HOST = "$(BUNDLE_LOADER)";
				WRAPPER_EXTENSION = xctest;
			};
			name = Debug;
		};
		973C914C183658AA0082005A /* Release */ = {
			isa = XCBuildConfiguration;
			buildSettings = {
				ARCHS = "$(ARCHS_STANDARD_INCLUDING_64_BIT)";
				BUNDLE_LOADER = "$(BUILT_PRODUCTS_DIR)/floodit03.app/floodit03";
				FRAMEWORK_SEARCH_PATHS = (
					"$(SDKROOT)/Developer/Library/Frameworks",
					"$(inherited)",
					"$(DEVELOPER_FRAMEWORKS_DIR)",
				);
				GCC_PRECOMPILE_PREFIX_HEADER = YES;
				GCC_PREFIX_HEADER = "floodit03/floodit03-Prefix.pch";
				INFOPLIST_FILE = "floodit03Tests/floodit03Tests-Info.plist";
				PRODUCT_NAME = "$(TARGET_NAME)";
				TEST_HOST = "$(BUNDLE_LOADER)";
				WRAPPER_EXTENSION = xctest;
			};
			name = Release;
		};
/* End XCBuildConfiguration section */

/* Begin XCConfigurationList section */
		973C9110183658AA0082005A /* Build configuration list for PBXProject "floodit03" */ = {
			isa = XCConfigurationList;
			buildConfigurations = (
				973C9145183658AA0082005A /* Debug */,
				973C9146183658AA0082005A /* Release */,
			);
			defaultConfigurationIsVisible = 0;
			defaultConfigurationName = Release;
		};
		973C9147183658AA0082005A /* Build configuration list for PBXNativeTarget "floodit03" */ = {
			isa = XCConfigurationList;
			buildConfigurations = (
				973C9148183658AA0082005A /* Debug */,
				973C9149183658AA0082005A /* Release */,
			);
			defaultConfigurationIsVisible = 0;
		};
		973C914A183658AA0082005A /* Build configuration list for PBXNativeTarget "floodit03Tests" */ = {
			isa = XCConfigurationList;
			buildConfigurations = (
				973C914B183658AA0082005A /* Debug */,
				973C914C183658AA0082005A /* Release */,
			);
			defaultConfigurationIsVisible = 0;
		};
/* End XCConfigurationList section */
	};
	rootObject = 973C910D183658AA0082005A /* Project object */;
}
